
Microsoft Visual Studio Solution File, Format Version 12.00
# Visual Studio Version 16
VisualStudioVersion = 16.0.30503.244
MinimumVisualStudioVersion = 10.0.40219.1
Project("{FAE04EC0-301F-11D3-BF4B-00C04F79EFBC}") = "Internship", "Internship\Internship.csproj", "{4C9DEA05-8372-490A-AEE7-CD78B9A831C2}"
EndProject
Global
	GlobalSection(SolutionConfigurationPlatforms) = preSolution
		Debug|Any CPU = Debug|Any CPU
		Release|Any CPU = Release|Any CPU
	EndGlobalSection
	GlobalSection(ProjectConfigurationPlatforms) = postSolution
		{4C9DEA05-8372-490A-AEE7-CD78B9A831C2}.Debug|Any CPU.ActiveCfg = Debug|Any CPU
		{4C9DEA05-8372-490A-AEE7-CD78B9A831C2}.Debug|Any CPU.Build.0 = Debug|Any CPU
		{4C9DEA05-8372-490A-AEE7-CD78B9A831C2}.Release|Any CPU.ActiveCfg = Release|Any CPU
		{4C9DEA05-8372-490A-AEE7-CD78B9A831C2}.Release|Any CPU.Build.0 = Release|Any CPU
	EndGlobalSection
	GlobalSection(SolutionProperties) = preSolution
		HideSolutionNode = FALSE
	EndGlobalSection
	GlobalSection(ExtensibilityGlobals) = postSolution
		SolutionGuid = {5EE18389-9566-4A5B-980B-6739BC51450D}
	EndGlobalSection
EndGlobal
